{
  "version": 4,
  "terraform_version": "0.14.0",
  "serial": 119,
  "lineage": "eec3b3b9-d864-e992-cb30-f7673aa44337",
  "outputs": {},
  "resources": [
    {
      "mode": "managed",
      "type": "azurerm_availability_set",
      "name": "backend_avset",
      "provider": "provider[\"registry.terraform.io/hashicorp/azurerm\"]",
      "instances": [
        {
          "schema_version": 0,
          "attributes": {
            "id": "/subscriptions/f05aae4e-8de4-43dd-b9f6-04a589d7e5ec/resourceGroups/terraform-challenge/providers/Microsoft.Compute/availabilitySets/backend-avset",
            "location": "eastus",
            "managed": true,
            "name": "backend-avset",
            "platform_fault_domain_count": 2,
            "platform_update_domain_count": 5,
            "proximity_placement_group_id": null,
            "resource_group_name": "terraform-challenge",
            "tags": null,
            "timeouts": null
          },
          "sensitive_attributes": [],
          "private": "eyJlMmJmYjczMC1lY2FhLTExZTYtOGY4OC0zNDM2M2JjN2M0YzAiOnsiY3JlYXRlIjoxODAwMDAwMDAwMDAwLCJkZWxldGUiOjE4MDAwMDAwMDAwMDAsInJlYWQiOjMwMDAwMDAwMDAwMCwidXBkYXRlIjoxODAwMDAwMDAwMDAwfX0=",
          "dependencies": [
            "azurerm_resource_group.myrg"
          ]
        }
      ]
    },
    {
      "mode": "managed",
      "type": "azurerm_availability_set",
      "name": "web_avset",
      "provider": "provider[\"registry.terraform.io/hashicorp/azurerm\"]",
      "instances": [
        {
          "schema_version": 0,
          "attributes": {
            "id": "/subscriptions/f05aae4e-8de4-43dd-b9f6-04a589d7e5ec/resourceGroups/terraform-challenge/providers/Microsoft.Compute/availabilitySets/web-avset",
            "location": "eastus",
            "managed": true,
            "name": "web-avset",
            "platform_fault_domain_count": 2,
            "platform_update_domain_count": 5,
            "proximity_placement_group_id": null,
            "resource_group_name": "terraform-challenge",
            "tags": null,
            "timeouts": null
          },
          "sensitive_attributes": [],
          "private": "eyJlMmJmYjczMC1lY2FhLTExZTYtOGY4OC0zNDM2M2JjN2M0YzAiOnsiY3JlYXRlIjoxODAwMDAwMDAwMDAwLCJkZWxldGUiOjE4MDAwMDAwMDAwMDAsInJlYWQiOjMwMDAwMDAwMDAwMCwidXBkYXRlIjoxODAwMDAwMDAwMDAwfX0=",
          "dependencies": [
            "azurerm_resource_group.myrg"
          ]
        }
      ]
    },
    {
      "mode": "managed",
      "type": "azurerm_lb",
      "name": "lb_int_lb",
      "provider": "provider[\"registry.terraform.io/hashicorp/azurerm\"]",
      "instances": [
        {
          "schema_version": 0,
          "attributes": {
            "frontend_ip_configuration": [
              {
                "id": "/subscriptions/f05aae4e-8de4-43dd-b9f6-04a589d7e5ec/resourceGroups/terraform-challenge/providers/Microsoft.Network/loadBalancers/IntLoadBalancer/frontendIPConfigurations/InternalIPAddress",
                "inbound_nat_rules": [],
                "load_balancer_rules": [],
                "name": "InternalIPAddress",
                "outbound_rules": [],
                "private_ip_address": "10.8.2.10",
                "private_ip_address_allocation": "Static",
                "private_ip_address_version": "IPv4",
                "public_ip_address_id": "",
                "public_ip_prefix_id": "",
                "subnet_id": "/subscriptions/f05aae4e-8de4-43dd-b9f6-04a589d7e5ec/resourceGroups/terraform-challenge/providers/Microsoft.Network/virtualNetworks/terraform-vnet/subnets/snet-dev-eastus-002",
                "zones": null
              }
            ],
            "id": "/subscriptions/f05aae4e-8de4-43dd-b9f6-04a589d7e5ec/resourceGroups/terraform-challenge/providers/Microsoft.Network/loadBalancers/IntLoadBalancer",
            "location": "eastus",
            "name": "IntLoadBalancer",
            "private_ip_address": "10.8.2.10",
            "private_ip_addresses": [
              "10.8.2.10"
            ],
            "resource_group_name": "terraform-challenge",
            "sku": "Basic",
            "tags": null,
            "timeouts": null
          },
          "sensitive_attributes": [],
          "private": "eyJlMmJmYjczMC1lY2FhLTExZTYtOGY4OC0zNDM2M2JjN2M0YzAiOnsiY3JlYXRlIjoxODAwMDAwMDAwMDAwLCJkZWxldGUiOjE4MDAwMDAwMDAwMDAsInJlYWQiOjMwMDAwMDAwMDAwMCwidXBkYXRlIjoxODAwMDAwMDAwMDAwfX0=",
          "dependencies": [
            "azurerm_resource_group.myrg",
            "azurerm_subnet.subnet2",
            "azurerm_virtual_network.tfvnet"
          ]
        }
      ]
    },
    {
      "mode": "managed",
      "type": "azurerm_lb",
      "name": "lb_pub_lb",
      "provider": "provider[\"registry.terraform.io/hashicorp/azurerm\"]",
      "instances": [
        {
          "schema_version": 0,
          "attributes": {
            "frontend_ip_configuration": [
              {
                "id": "/subscriptions/f05aae4e-8de4-43dd-b9f6-04a589d7e5ec/resourceGroups/terraform-challenge/providers/Microsoft.Network/loadBalancers/FrontLoadBalancer/frontendIPConfigurations/PublicIPAddress",
                "inbound_nat_rules": [],
                "load_balancer_rules": [],
                "name": "PublicIPAddress",
                "outbound_rules": [],
                "private_ip_address": "",
                "private_ip_address_allocation": "Dynamic",
                "private_ip_address_version": "IPv4",
                "public_ip_address_id": "/subscriptions/f05aae4e-8de4-43dd-b9f6-04a589d7e5ec/resourceGroups/terraform-challenge/providers/Microsoft.Network/publicIPAddresses/PublicIPForLB",
                "public_ip_prefix_id": "",
                "subnet_id": "",
                "zones": null
              }
            ],
            "id": "/subscriptions/f05aae4e-8de4-43dd-b9f6-04a589d7e5ec/resourceGroups/terraform-challenge/providers/Microsoft.Network/loadBalancers/FrontLoadBalancer",
            "location": "eastus",
            "name": "FrontLoadBalancer",
            "private_ip_address": "",
            "private_ip_addresses": [],
            "resource_group_name": "terraform-challenge",
            "sku": "Basic",
            "tags": null,
            "timeouts": null
          },
          "sensitive_attributes": [],
          "private": "eyJlMmJmYjczMC1lY2FhLTExZTYtOGY4OC0zNDM2M2JjN2M0YzAiOnsiY3JlYXRlIjoxODAwMDAwMDAwMDAwLCJkZWxldGUiOjE4MDAwMDAwMDAwMDAsInJlYWQiOjMwMDAwMDAwMDAwMCwidXBkYXRlIjoxODAwMDAwMDAwMDAwfX0=",
          "dependencies": [
            "azurerm_public_ip.pub_ip01",
            "azurerm_resource_group.myrg"
          ]
        }
      ]
    },
    {
      "mode": "managed",
      "type": "azurerm_lb_backend_address_pool",
      "name": "lb_backendpool",
      "provider": "provider[\"registry.terraform.io/hashicorp/azurerm\"]",
      "instances": [
        {
          "schema_version": 0,
          "attributes": {
            "backend_ip_configurations": [],
            "id": "/subscriptions/f05aae4e-8de4-43dd-b9f6-04a589d7e5ec/resourceGroups/terraform-challenge/providers/Microsoft.Network/loadBalancers/IntLoadBalancer/backendAddressPools/BackEndAddressPool",
            "load_balancing_rules": [],
            "loadbalancer_id": "/subscriptions/f05aae4e-8de4-43dd-b9f6-04a589d7e5ec/resourceGroups/terraform-challenge/providers/Microsoft.Network/loadBalancers/IntLoadBalancer",
            "name": "BackEndAddressPool",
            "resource_group_name": "terraform-challenge",
            "timeouts": null
          },
          "sensitive_attributes": [],
          "private": "eyJlMmJmYjczMC1lY2FhLTExZTYtOGY4OC0zNDM2M2JjN2M0YzAiOnsiY3JlYXRlIjoxODAwMDAwMDAwMDAwLCJkZWxldGUiOjE4MDAwMDAwMDAwMDAsInJlYWQiOjMwMDAwMDAwMDAwMCwidXBkYXRlIjoxODAwMDAwMDAwMDAwfX0=",
          "dependencies": [
            "azurerm_lb.lb_int_lb",
            "azurerm_resource_group.myrg",
            "azurerm_subnet.subnet2",
            "azurerm_virtual_network.tfvnet"
          ]
        }
      ]
    },
    {
      "mode": "managed",
      "type": "azurerm_lb_backend_address_pool",
      "name": "lb_webpool",
      "provider": "provider[\"registry.terraform.io/hashicorp/azurerm\"]",
      "instances": [
        {
          "schema_version": 0,
          "attributes": {
            "backend_ip_configurations": [],
            "id": "/subscriptions/f05aae4e-8de4-43dd-b9f6-04a589d7e5ec/resourceGroups/terraform-challenge/providers/Microsoft.Network/loadBalancers/FrontLoadBalancer/backendAddressPools/BackEndAddressPool",
            "load_balancing_rules": [],
            "loadbalancer_id": "/subscriptions/f05aae4e-8de4-43dd-b9f6-04a589d7e5ec/resourceGroups/terraform-challenge/providers/Microsoft.Network/loadBalancers/FrontLoadBalancer",
            "name": "BackEndAddressPool",
            "resource_group_name": "terraform-challenge",
            "timeouts": null
          },
          "sensitive_attributes": [],
          "private": "eyJlMmJmYjczMC1lY2FhLTExZTYtOGY4OC0zNDM2M2JjN2M0YzAiOnsiY3JlYXRlIjoxODAwMDAwMDAwMDAwLCJkZWxldGUiOjE4MDAwMDAwMDAwMDAsInJlYWQiOjMwMDAwMDAwMDAwMCwidXBkYXRlIjoxODAwMDAwMDAwMDAwfX0=",
          "dependencies": [
            "azurerm_lb.lb_pub_lb",
            "azurerm_public_ip.pub_ip01",
            "azurerm_resource_group.myrg"
          ]
        }
      ]
    },
    {
      "mode": "managed",
      "type": "azurerm_lb_probe",
      "name": "lb_https_probe",
      "provider": "provider[\"registry.terraform.io/hashicorp/azurerm\"]",
      "instances": [
        {
          "schema_version": 0,
          "attributes": {
            "id": "/subscriptions/f05aae4e-8de4-43dd-b9f6-04a589d7e5ec/resourceGroups/terraform-challenge/providers/Microsoft.Network/loadBalancers/FrontLoadBalancer/probes/https-running-probe",
            "interval_in_seconds": 15,
            "load_balancer_rules": [],
            "loadbalancer_id": "/subscriptions/f05aae4e-8de4-43dd-b9f6-04a589d7e5ec/resourceGroups/terraform-challenge/providers/Microsoft.Network/loadBalancers/FrontLoadBalancer",
            "name": "https-running-probe",
            "number_of_probes": 2,
            "port": 443,
            "protocol": "Tcp",
            "request_path": "",
            "resource_group_name": "terraform-challenge",
            "timeouts": null
          },
          "sensitive_attributes": [],
          "private": "eyJlMmJmYjczMC1lY2FhLTExZTYtOGY4OC0zNDM2M2JjN2M0YzAiOnsiY3JlYXRlIjoxODAwMDAwMDAwMDAwLCJkZWxldGUiOjE4MDAwMDAwMDAwMDAsInJlYWQiOjMwMDAwMDAwMDAwMCwidXBkYXRlIjoxODAwMDAwMDAwMDAwfX0=",
          "dependencies": [
            "azurerm_lb.lb_pub_lb",
            "azurerm_public_ip.pub_ip01",
            "azurerm_resource_group.myrg"
          ]
        }
      ]
    },
    {
      "mode": "managed",
      "type": "azurerm_lb_probe",
      "name": "lb_ssh_probe",
      "provider": "provider[\"registry.terraform.io/hashicorp/azurerm\"]",
      "instances": [
        {
          "schema_version": 0,
          "attributes": {
            "id": "/subscriptions/f05aae4e-8de4-43dd-b9f6-04a589d7e5ec/resourceGroups/terraform-challenge/providers/Microsoft.Network/loadBalancers/IntLoadBalancer/probes/ssh-running-probe",
            "interval_in_seconds": 15,
            "load_balancer_rules": [],
            "loadbalancer_id": "/subscriptions/f05aae4e-8de4-43dd-b9f6-04a589d7e5ec/resourceGroups/terraform-challenge/providers/Microsoft.Network/loadBalancers/IntLoadBalancer",
            "name": "ssh-running-probe",
            "number_of_probes": 2,
            "port": 22,
            "protocol": "Tcp",
            "request_path": "",
            "resource_group_name": "terraform-challenge",
            "timeouts": null
          },
          "sensitive_attributes": [],
          "private": "eyJlMmJmYjczMC1lY2FhLTExZTYtOGY4OC0zNDM2M2JjN2M0YzAiOnsiY3JlYXRlIjoxODAwMDAwMDAwMDAwLCJkZWxldGUiOjE4MDAwMDAwMDAwMDAsInJlYWQiOjMwMDAwMDAwMDAwMCwidXBkYXRlIjoxODAwMDAwMDAwMDAwfX0=",
          "dependencies": [
            "azurerm_lb.lb_int_lb",
            "azurerm_resource_group.myrg",
            "azurerm_subnet.subnet2",
            "azurerm_virtual_network.tfvnet"
          ]
        }
      ]
    },
    {
      "mode": "managed",
      "type": "azurerm_lb_rule",
      "name": "lb_backendport_rule",
      "provider": "provider[\"registry.terraform.io/hashicorp/azurerm\"]",
      "instances": [
        {
          "schema_version": 0,
          "attributes": {
            "backend_address_pool_id": null,
            "backend_port": 8080,
            "disable_outbound_snat": false,
            "enable_floating_ip": false,
            "enable_tcp_reset": false,
            "frontend_ip_configuration_id": "/subscriptions/f05aae4e-8de4-43dd-b9f6-04a589d7e5ec/resourceGroups/terraform-challenge/providers/Microsoft.Network/loadBalancers/IntLoadBalancer/frontendIPConfigurations/InternalIPAddress",
            "frontend_ip_configuration_name": "InternalIPAddress",
            "frontend_port": 8080,
            "id": "/subscriptions/f05aae4e-8de4-43dd-b9f6-04a589d7e5ec/resourceGroups/terraform-challenge/providers/Microsoft.Network/loadBalancers/IntLoadBalancer/loadBalancingRules/LBRuleHTTP",
            "idle_timeout_in_minutes": 4,
            "load_distribution": "Default",
            "loadbalancer_id": "/subscriptions/f05aae4e-8de4-43dd-b9f6-04a589d7e5ec/resourceGroups/terraform-challenge/providers/Microsoft.Network/loadBalancers/IntLoadBalancer",
            "name": "LBRuleHTTP",
            "probe_id": null,
            "protocol": "Tcp",
            "resource_group_name": "terraform-challenge",
            "timeouts": null
          },
          "sensitive_attributes": [],
          "private": "eyJlMmJmYjczMC1lY2FhLTExZTYtOGY4OC0zNDM2M2JjN2M0YzAiOnsiY3JlYXRlIjoxODAwMDAwMDAwMDAwLCJkZWxldGUiOjE4MDAwMDAwMDAwMDAsInJlYWQiOjMwMDAwMDAwMDAwMCwidXBkYXRlIjoxODAwMDAwMDAwMDAwfX0=",
          "dependencies": [
            "azurerm_lb.lb_int_lb",
            "azurerm_resource_group.myrg",
            "azurerm_subnet.subnet2",
            "azurerm_virtual_network.tfvnet"
          ]
        }
      ]
    },
    {
      "mode": "managed",
      "type": "azurerm_lb_rule",
      "name": "lb_http_rule",
      "provider": "provider[\"registry.terraform.io/hashicorp/azurerm\"]",
      "instances": [
        {
          "schema_version": 0,
          "attributes": {
            "backend_address_pool_id": null,
            "backend_port": 80,
            "disable_outbound_snat": false,
            "enable_floating_ip": false,
            "enable_tcp_reset": false,
            "frontend_ip_configuration_id": "/subscriptions/f05aae4e-8de4-43dd-b9f6-04a589d7e5ec/resourceGroups/terraform-challenge/providers/Microsoft.Network/loadBalancers/FrontLoadBalancer/frontendIPConfigurations/PublicIPAddress",
            "frontend_ip_configuration_name": "PublicIPAddress",
            "frontend_port": 80,
            "id": "/subscriptions/f05aae4e-8de4-43dd-b9f6-04a589d7e5ec/resourceGroups/terraform-challenge/providers/Microsoft.Network/loadBalancers/FrontLoadBalancer/loadBalancingRules/LBRuleHTTP",
            "idle_timeout_in_minutes": 4,
            "load_distribution": "Default",
            "loadbalancer_id": "/subscriptions/f05aae4e-8de4-43dd-b9f6-04a589d7e5ec/resourceGroups/terraform-challenge/providers/Microsoft.Network/loadBalancers/FrontLoadBalancer",
            "name": "LBRuleHTTP",
            "probe_id": null,
            "protocol": "Tcp",
            "resource_group_name": "terraform-challenge",
            "timeouts": null
          },
          "sensitive_attributes": [],
          "private": "eyJlMmJmYjczMC1lY2FhLTExZTYtOGY4OC0zNDM2M2JjN2M0YzAiOnsiY3JlYXRlIjoxODAwMDAwMDAwMDAwLCJkZWxldGUiOjE4MDAwMDAwMDAwMDAsInJlYWQiOjMwMDAwMDAwMDAwMCwidXBkYXRlIjoxODAwMDAwMDAwMDAwfX0=",
          "dependencies": [
            "azurerm_lb.lb_pub_lb",
            "azurerm_public_ip.pub_ip01",
            "azurerm_resource_group.myrg"
          ]
        }
      ]
    },
    {
      "mode": "managed",
      "type": "azurerm_network_interface",
      "name": "backend01-nic",
      "provider": "provider[\"registry.terraform.io/hashicorp/azurerm\"]",
      "instances": [
        {
          "schema_version": 0,
          "attributes": {
            "applied_dns_servers": [],
            "dns_servers": [],
            "enable_accelerated_networking": false,
            "enable_ip_forwarding": false,
            "id": "/subscriptions/f05aae4e-8de4-43dd-b9f6-04a589d7e5ec/resourceGroups/terraform-challenge/providers/Microsoft.Network/networkInterfaces/backend01-nic",
            "internal_dns_name_label": "",
            "internal_domain_name_suffix": "55ocpirv2kiuvid0cyennr3sda.bx.internal.cloudapp.net",
            "ip_configuration": [
              {
                "name": "internal",
                "primary": true,
                "private_ip_address": "10.8.2.4",
                "private_ip_address_allocation": "Dynamic",
                "private_ip_address_version": "IPv4",
                "public_ip_address_id": "",
                "subnet_id": "/subscriptions/f05aae4e-8de4-43dd-b9f6-04a589d7e5ec/resourceGroups/terraform-challenge/providers/Microsoft.Network/virtualNetworks/terraform-vnet/subnets/snet-dev-eastus-002"
              }
            ],
            "location": "eastus",
            "mac_address": "",
            "name": "backend01-nic",
            "private_ip_address": "10.8.2.4",
            "private_ip_addresses": [
              "10.8.2.4"
            ],
            "resource_group_name": "terraform-challenge",
            "tags": null,
            "timeouts": null,
            "virtual_machine_id": ""
          },
          "sensitive_attributes": [],
          "private": "eyJlMmJmYjczMC1lY2FhLTExZTYtOGY4OC0zNDM2M2JjN2M0YzAiOnsiY3JlYXRlIjoxODAwMDAwMDAwMDAwLCJkZWxldGUiOjE4MDAwMDAwMDAwMDAsInJlYWQiOjMwMDAwMDAwMDAwMCwidXBkYXRlIjoxODAwMDAwMDAwMDAwfX0=",
          "dependencies": [
            "azurerm_resource_group.myrg",
            "azurerm_subnet.subnet2",
            "azurerm_virtual_network.tfvnet"
          ]
        }
      ]
    },
    {
      "mode": "managed",
      "type": "azurerm_network_interface",
      "name": "backend02-nic",
      "provider": "provider[\"registry.terraform.io/hashicorp/azurerm\"]",
      "instances": [
        {
          "schema_version": 0,
          "attributes": {
            "applied_dns_servers": [],
            "dns_servers": [],
            "enable_accelerated_networking": false,
            "enable_ip_forwarding": false,
            "id": "/subscriptions/f05aae4e-8de4-43dd-b9f6-04a589d7e5ec/resourceGroups/terraform-challenge/providers/Microsoft.Network/networkInterfaces/backend02-nic",
            "internal_dns_name_label": "",
            "internal_domain_name_suffix": "55ocpirv2kiuvid0cyennr3sda.bx.internal.cloudapp.net",
            "ip_configuration": [
              {
                "name": "internal",
                "primary": true,
                "private_ip_address": "10.8.2.5",
                "private_ip_address_allocation": "Dynamic",
                "private_ip_address_version": "IPv4",
                "public_ip_address_id": "",
                "subnet_id": "/subscriptions/f05aae4e-8de4-43dd-b9f6-04a589d7e5ec/resourceGroups/terraform-challenge/providers/Microsoft.Network/virtualNetworks/terraform-vnet/subnets/snet-dev-eastus-002"
              }
            ],
            "location": "eastus",
            "mac_address": "",
            "name": "backend02-nic",
            "private_ip_address": "10.8.2.5",
            "private_ip_addresses": [
              "10.8.2.5"
            ],
            "resource_group_name": "terraform-challenge",
            "tags": null,
            "timeouts": null,
            "virtual_machine_id": ""
          },
          "sensitive_attributes": [],
          "private": "eyJlMmJmYjczMC1lY2FhLTExZTYtOGY4OC0zNDM2M2JjN2M0YzAiOnsiY3JlYXRlIjoxODAwMDAwMDAwMDAwLCJkZWxldGUiOjE4MDAwMDAwMDAwMDAsInJlYWQiOjMwMDAwMDAwMDAwMCwidXBkYXRlIjoxODAwMDAwMDAwMDAwfX0=",
          "dependencies": [
            "azurerm_resource_group.myrg",
            "azurerm_subnet.subnet2",
            "azurerm_virtual_network.tfvnet"
          ]
        }
      ]
    },
    {
      "mode": "managed",
      "type": "azurerm_network_interface",
      "name": "web01-nic",
      "provider": "provider[\"registry.terraform.io/hashicorp/azurerm\"]",
      "instances": [
        {
          "schema_version": 0,
          "attributes": {
            "applied_dns_servers": [],
            "dns_servers": [],
            "enable_accelerated_networking": false,
            "enable_ip_forwarding": false,
            "id": "/subscriptions/f05aae4e-8de4-43dd-b9f6-04a589d7e5ec/resourceGroups/terraform-challenge/providers/Microsoft.Network/networkInterfaces/web01-nic",
            "internal_dns_name_label": "",
            "internal_domain_name_suffix": "55ocpirv2kiuvid0cyennr3sda.bx.internal.cloudapp.net",
            "ip_configuration": [
              {
                "name": "internal",
                "primary": true,
                "private_ip_address": "10.8.1.5",
                "private_ip_address_allocation": "Dynamic",
                "private_ip_address_version": "IPv4",
                "public_ip_address_id": "",
                "subnet_id": "/subscriptions/f05aae4e-8de4-43dd-b9f6-04a589d7e5ec/resourceGroups/terraform-challenge/providers/Microsoft.Network/virtualNetworks/terraform-vnet/subnets/snet-dev-eastus-001"
              }
            ],
            "location": "eastus",
            "mac_address": "",
            "name": "web01-nic",
            "private_ip_address": "10.8.1.5",
            "private_ip_addresses": [
              "10.8.1.5"
            ],
            "resource_group_name": "terraform-challenge",
            "tags": null,
            "timeouts": null,
            "virtual_machine_id": ""
          },
          "sensitive_attributes": [],
          "private": "eyJlMmJmYjczMC1lY2FhLTExZTYtOGY4OC0zNDM2M2JjN2M0YzAiOnsiY3JlYXRlIjoxODAwMDAwMDAwMDAwLCJkZWxldGUiOjE4MDAwMDAwMDAwMDAsInJlYWQiOjMwMDAwMDAwMDAwMCwidXBkYXRlIjoxODAwMDAwMDAwMDAwfX0=",
          "dependencies": [
            "azurerm_resource_group.myrg",
            "azurerm_subnet.subnet1",
            "azurerm_virtual_network.tfvnet"
          ]
        }
      ]
    },
    {
      "mode": "managed",
      "type": "azurerm_network_interface",
      "name": "web02-nic",
      "provider": "provider[\"registry.terraform.io/hashicorp/azurerm\"]",
      "instances": [
        {
          "schema_version": 0,
          "attributes": {
            "applied_dns_servers": [],
            "dns_servers": [],
            "enable_accelerated_networking": false,
            "enable_ip_forwarding": false,
            "id": "/subscriptions/f05aae4e-8de4-43dd-b9f6-04a589d7e5ec/resourceGroups/terraform-challenge/providers/Microsoft.Network/networkInterfaces/web02-nic",
            "internal_dns_name_label": "",
            "internal_domain_name_suffix": "55ocpirv2kiuvid0cyennr3sda.bx.internal.cloudapp.net",
            "ip_configuration": [
              {
                "name": "internal",
                "primary": true,
                "private_ip_address": "10.8.1.4",
                "private_ip_address_allocation": "Dynamic",
                "private_ip_address_version": "IPv4",
                "public_ip_address_id": "",
                "subnet_id": "/subscriptions/f05aae4e-8de4-43dd-b9f6-04a589d7e5ec/resourceGroups/terraform-challenge/providers/Microsoft.Network/virtualNetworks/terraform-vnet/subnets/snet-dev-eastus-001"
              }
            ],
            "location": "eastus",
            "mac_address": "",
            "name": "web02-nic",
            "private_ip_address": "10.8.1.4",
            "private_ip_addresses": [
              "10.8.1.4"
            ],
            "resource_group_name": "terraform-challenge",
            "tags": null,
            "timeouts": null,
            "virtual_machine_id": ""
          },
          "sensitive_attributes": [],
          "private": "eyJlMmJmYjczMC1lY2FhLTExZTYtOGY4OC0zNDM2M2JjN2M0YzAiOnsiY3JlYXRlIjoxODAwMDAwMDAwMDAwLCJkZWxldGUiOjE4MDAwMDAwMDAwMDAsInJlYWQiOjMwMDAwMDAwMDAwMCwidXBkYXRlIjoxODAwMDAwMDAwMDAwfX0=",
          "dependencies": [
            "azurerm_resource_group.myrg",
            "azurerm_subnet.subnet1",
            "azurerm_virtual_network.tfvnet"
          ]
        }
      ]
    },
    {
      "mode": "managed",
      "type": "azurerm_network_security_group",
      "name": "nsg_web",
      "provider": "provider[\"registry.terraform.io/hashicorp/azurerm\"]",
      "instances": [
        {
          "schema_version": 0,
          "attributes": {
            "id": "/subscriptions/f05aae4e-8de4-43dd-b9f6-04a589d7e5ec/resourceGroups/terraform-challenge/providers/Microsoft.Network/networkSecurityGroups/nsg-web-allow-001",
            "location": "eastus",
            "name": "nsg-web-allow-001",
            "resource_group_name": "terraform-challenge",
            "security_rule": [
              {
                "access": "Allow",
                "description": "",
                "destination_address_prefix": "*",
                "destination_address_prefixes": [],
                "destination_application_security_group_ids": [],
                "destination_port_range": "443",
                "destination_port_ranges": [],
                "direction": "Inbound",
                "name": "https",
                "priority": 1001,
                "protocol": "Tcp",
                "source_address_prefix": "*",
                "source_address_prefixes": [],
                "source_application_security_group_ids": [],
                "source_port_range": "*",
                "source_port_ranges": []
              },
              {
                "access": "Allow",
                "description": "",
                "destination_address_prefix": "*",
                "destination_address_prefixes": [],
                "destination_application_security_group_ids": [],
                "destination_port_range": "80",
                "destination_port_ranges": [],
                "direction": "Inbound",
                "name": "http",
                "priority": 1002,
                "protocol": "Tcp",
                "source_address_prefix": "*",
                "source_address_prefixes": [],
                "source_application_security_group_ids": [],
                "source_port_range": "*",
                "source_port_ranges": []
              }
            ],
            "tags": null,
            "timeouts": null
          },
          "sensitive_attributes": [],
          "private": "eyJlMmJmYjczMC1lY2FhLTExZTYtOGY4OC0zNDM2M2JjN2M0YzAiOnsiY3JlYXRlIjoxODAwMDAwMDAwMDAwLCJkZWxldGUiOjE4MDAwMDAwMDAwMDAsInJlYWQiOjMwMDAwMDAwMDAwMCwidXBkYXRlIjoxODAwMDAwMDAwMDAwfX0=",
          "dependencies": [
            "azurerm_resource_group.myrg"
          ]
        }
      ]
    },
    {
      "mode": "managed",
      "type": "azurerm_public_ip",
      "name": "pub_ip01",
      "provider": "provider[\"registry.terraform.io/hashicorp/azurerm\"]",
      "instances": [
        {
          "schema_version": 0,
          "attributes": {
            "allocation_method": "Static",
            "domain_name_label": null,
            "fqdn": null,
            "id": "/subscriptions/f05aae4e-8de4-43dd-b9f6-04a589d7e5ec/resourceGroups/terraform-challenge/providers/Microsoft.Network/publicIPAddresses/PublicIPForLB",
            "idle_timeout_in_minutes": 4,
            "ip_address": "52.188.52.187",
            "ip_version": "IPv4",
            "location": "eastus",
            "name": "PublicIPForLB",
            "public_ip_prefix_id": null,
            "resource_group_name": "terraform-challenge",
            "reverse_fqdn": null,
            "sku": "Basic",
            "tags": null,
            "timeouts": null,
            "zones": null
          },
          "sensitive_attributes": [],
          "private": "eyJlMmJmYjczMC1lY2FhLTExZTYtOGY4OC0zNDM2M2JjN2M0YzAiOnsiY3JlYXRlIjoxODAwMDAwMDAwMDAwLCJkZWxldGUiOjE4MDAwMDAwMDAwMDAsInJlYWQiOjMwMDAwMDAwMDAwMCwidXBkYXRlIjoxODAwMDAwMDAwMDAwfX0=",
          "dependencies": [
            "azurerm_resource_group.myrg"
          ]
        }
      ]
    },
    {
      "mode": "managed",
      "type": "azurerm_resource_group",
      "name": "myrg",
      "provider": "provider[\"registry.terraform.io/hashicorp/azurerm\"]",
      "instances": [
        {
          "schema_version": 0,
          "attributes": {
            "id": "/subscriptions/f05aae4e-8de4-43dd-b9f6-04a589d7e5ec/resourceGroups/terraform-challenge",
            "location": "eastus",
            "name": "terraform-challenge",
            "tags": null,
            "timeouts": null
          },
          "sensitive_attributes": [],
          "private": "eyJlMmJmYjczMC1lY2FhLTExZTYtOGY4OC0zNDM2M2JjN2M0YzAiOnsiY3JlYXRlIjo1NDAwMDAwMDAwMDAwLCJkZWxldGUiOjU0MDAwMDAwMDAwMDAsInJlYWQiOjMwMDAwMDAwMDAwMCwidXBkYXRlIjo1NDAwMDAwMDAwMDAwfX0="
        }
      ]
    },
    {
      "mode": "managed",
      "type": "azurerm_sql_database",
      "name": "db1",
      "provider": "provider[\"registry.terraform.io/hashicorp/azurerm\"]",
      "instances": []
    },
    {
      "mode": "managed",
      "type": "azurerm_sql_failover_group",
      "name": "example",
      "provider": "provider[\"registry.terraform.io/hashicorp/azurerm\"]",
      "instances": []
    },
    {
      "mode": "managed",
      "type": "azurerm_sql_server",
      "name": "secondary",
      "provider": "provider[\"registry.terraform.io/hashicorp/azurerm\"]",
      "instances": [
        {
          "schema_version": 0,
          "attributes": {
            "administrator_login": "sqladmin",
            "administrator_login_password": "pa$$w0rd",
            "connection_policy": "Default",
            "extended_auditing_policy": [],
            "fully_qualified_domain_name": "sql-secondary.database.windows.net",
            "id": "/subscriptions/f05aae4e-8de4-43dd-b9f6-04a589d7e5ec/resourceGroups/terraform-challenge/providers/Microsoft.Sql/servers/sql-secondary",
            "identity": [],
            "location": "northeurope",
            "name": "sql-secondary",
            "resource_group_name": "terraform-challenge",
            "tags": null,
            "timeouts": null,
            "version": "12.0"
          },
          "sensitive_attributes": [],
          "private": "eyJlMmJmYjczMC1lY2FhLTExZTYtOGY4OC0zNDM2M2JjN2M0YzAiOnsiY3JlYXRlIjozNjAwMDAwMDAwMDAwLCJkZWxldGUiOjM2MDAwMDAwMDAwMDAsInJlYWQiOjMwMDAwMDAwMDAwMCwidXBkYXRlIjozNjAwMDAwMDAwMDAwfX0=",
          "dependencies": [
            "azurerm_resource_group.myrg"
          ]
        }
      ]
    },
    {
      "mode": "managed",
      "type": "azurerm_subnet",
      "name": "subnet1",
      "provider": "provider[\"registry.terraform.io/hashicorp/azurerm\"]",
      "instances": [
        {
          "schema_version": 0,
          "attributes": {
            "address_prefix": "10.8.1.0/24",
            "address_prefixes": [
              "10.8.1.0/24"
            ],
            "delegation": [],
            "enforce_private_link_endpoint_network_policies": false,
            "enforce_private_link_service_network_policies": false,
            "id": "/subscriptions/f05aae4e-8de4-43dd-b9f6-04a589d7e5ec/resourceGroups/terraform-challenge/providers/Microsoft.Network/virtualNetworks/terraform-vnet/subnets/snet-dev-eastus-001",
            "name": "snet-dev-eastus-001",
            "resource_group_name": "terraform-challenge",
            "service_endpoints": null,
            "timeouts": null,
            "virtual_network_name": "terraform-vnet"
          },
          "sensitive_attributes": [],
          "private": "eyJlMmJmYjczMC1lY2FhLTExZTYtOGY4OC0zNDM2M2JjN2M0YzAiOnsiY3JlYXRlIjoxODAwMDAwMDAwMDAwLCJkZWxldGUiOjE4MDAwMDAwMDAwMDAsInJlYWQiOjMwMDAwMDAwMDAwMCwidXBkYXRlIjoxODAwMDAwMDAwMDAwfX0=",
          "dependencies": [
            "azurerm_resource_group.myrg",
            "azurerm_virtual_network.tfvnet"
          ]
        }
      ]
    },
    {
      "mode": "managed",
      "type": "azurerm_subnet",
      "name": "subnet2",
      "provider": "provider[\"registry.terraform.io/hashicorp/azurerm\"]",
      "instances": [
        {
          "schema_version": 0,
          "attributes": {
            "address_prefix": "10.8.2.0/24",
            "address_prefixes": [
              "10.8.2.0/24"
            ],
            "delegation": [],
            "enforce_private_link_endpoint_network_policies": false,
            "enforce_private_link_service_network_policies": false,
            "id": "/subscriptions/f05aae4e-8de4-43dd-b9f6-04a589d7e5ec/resourceGroups/terraform-challenge/providers/Microsoft.Network/virtualNetworks/terraform-vnet/subnets/snet-dev-eastus-002",
            "name": "snet-dev-eastus-002",
            "resource_group_name": "terraform-challenge",
            "service_endpoints": [
              "Microsoft.Sql"
            ],
            "timeouts": null,
            "virtual_network_name": "terraform-vnet"
          },
          "sensitive_attributes": [],
          "private": "eyJlMmJmYjczMC1lY2FhLTExZTYtOGY4OC0zNDM2M2JjN2M0YzAiOnsiY3JlYXRlIjoxODAwMDAwMDAwMDAwLCJkZWxldGUiOjE4MDAwMDAwMDAwMDAsInJlYWQiOjMwMDAwMDAwMDAwMCwidXBkYXRlIjoxODAwMDAwMDAwMDAwfX0=",
          "dependencies": [
            "azurerm_resource_group.myrg",
            "azurerm_virtual_network.tfvnet"
          ]
        }
      ]
    },
    {
      "mode": "managed",
      "type": "azurerm_virtual_machine",
      "name": "backend01",
      "provider": "provider[\"registry.terraform.io/hashicorp/azurerm\"]",
      "instances": [
        {
          "schema_version": 0,
          "attributes": {
            "additional_capabilities": [],
            "availability_set_id": "/subscriptions/f05aae4e-8de4-43dd-b9f6-04a589d7e5ec/resourcegroups/terraform-challenge/providers/microsoft.compute/availabilitysets/backend-avset",
            "boot_diagnostics": [],
            "delete_data_disks_on_termination": false,
            "delete_os_disk_on_termination": false,
            "id": "/subscriptions/f05aae4e-8de4-43dd-b9f6-04a589d7e5ec/resourceGroups/terraform-challenge/providers/Microsoft.Compute/virtualMachines/backend01",
            "identity": [],
            "license_type": null,
            "location": "eastus",
            "name": "backend01",
            "network_interface_ids": [
              "/subscriptions/f05aae4e-8de4-43dd-b9f6-04a589d7e5ec/resourceGroups/terraform-challenge/providers/Microsoft.Network/networkInterfaces/backend01-nic"
            ],
            "os_profile": [
              {
                "admin_password": "",
                "admin_username": "backendadmin",
                "computer_name": "backend01",
                "custom_data": ""
              }
            ],
            "os_profile_linux_config": [
              {
                "disable_password_authentication": false,
                "ssh_keys": []
              }
            ],
            "os_profile_secrets": [],
            "os_profile_windows_config": [],
            "plan": [],
            "primary_network_interface_id": null,
            "proximity_placement_group_id": null,
            "resource_group_name": "terraform-challenge",
            "storage_data_disk": [],
            "storage_image_reference": [
              {
                "id": "",
                "offer": "UbuntuServer",
                "publisher": "Canonical",
                "sku": "16.04-LTS",
                "version": "latest"
              }
            ],
            "storage_os_disk": [
              {
                "caching": "ReadWrite",
                "create_option": "FromImage",
                "disk_size_gb": 30,
                "image_uri": "",
                "managed_disk_id": "/subscriptions/f05aae4e-8de4-43dd-b9f6-04a589d7e5ec/resourceGroups/terraform-challenge/providers/Microsoft.Compute/disks/backend01osdisk01",
                "managed_disk_type": "Standard_LRS",
                "name": "backend01osdisk01",
                "os_type": "Linux",
                "vhd_uri": "",
                "write_accelerator_enabled": false
              }
            ],
            "tags": null,
            "timeouts": null,
            "vm_size": "Standard_B1s",
            "zones": null
          },
          "sensitive_attributes": [],
          "private": "eyJlMmJmYjczMC1lY2FhLTExZTYtOGY4OC0zNDM2M2JjN2M0YzAiOnsiY3JlYXRlIjozNjAwMDAwMDAwMDAwLCJkZWxldGUiOjM2MDAwMDAwMDAwMDAsInJlYWQiOjMwMDAwMDAwMDAwMCwidXBkYXRlIjozNjAwMDAwMDAwMDAwfX0=",
          "dependencies": [
            "azurerm_availability_set.backend_avset",
            "azurerm_network_interface.backend01-nic",
            "azurerm_resource_group.myrg",
            "azurerm_subnet.subnet2",
            "azurerm_virtual_network.tfvnet"
          ]
        }
      ]
    },
    {
      "mode": "managed",
      "type": "azurerm_virtual_machine",
      "name": "backend02",
      "provider": "provider[\"registry.terraform.io/hashicorp/azurerm\"]",
      "instances": [
        {
          "schema_version": 0,
          "attributes": {
            "additional_capabilities": [],
            "availability_set_id": "/subscriptions/f05aae4e-8de4-43dd-b9f6-04a589d7e5ec/resourcegroups/terraform-challenge/providers/microsoft.compute/availabilitysets/backend-avset",
            "boot_diagnostics": [],
            "delete_data_disks_on_termination": false,
            "delete_os_disk_on_termination": false,
            "id": "/subscriptions/f05aae4e-8de4-43dd-b9f6-04a589d7e5ec/resourceGroups/terraform-challenge/providers/Microsoft.Compute/virtualMachines/backend02",
            "identity": [],
            "license_type": null,
            "location": "eastus",
            "name": "backend02",
            "network_interface_ids": [
              "/subscriptions/f05aae4e-8de4-43dd-b9f6-04a589d7e5ec/resourceGroups/terraform-challenge/providers/Microsoft.Network/networkInterfaces/backend02-nic"
            ],
            "os_profile": [
              {
                "admin_password": "",
                "admin_username": "backendadmin",
                "computer_name": "backend02",
                "custom_data": ""
              }
            ],
            "os_profile_linux_config": [
              {
                "disable_password_authentication": false,
                "ssh_keys": []
              }
            ],
            "os_profile_secrets": [],
            "os_profile_windows_config": [],
            "plan": [],
            "primary_network_interface_id": null,
            "proximity_placement_group_id": null,
            "resource_group_name": "terraform-challenge",
            "storage_data_disk": [],
            "storage_image_reference": [
              {
                "id": "",
                "offer": "UbuntuServer",
                "publisher": "Canonical",
                "sku": "16.04-LTS",
                "version": "latest"
              }
            ],
            "storage_os_disk": [
              {
                "caching": "ReadWrite",
                "create_option": "FromImage",
                "disk_size_gb": 30,
                "image_uri": "",
                "managed_disk_id": "/subscriptions/f05aae4e-8de4-43dd-b9f6-04a589d7e5ec/resourceGroups/terraform-challenge/providers/Microsoft.Compute/disks/backend02osdisk01",
                "managed_disk_type": "Standard_LRS",
                "name": "backend02osdisk01",
                "os_type": "Linux",
                "vhd_uri": "",
                "write_accelerator_enabled": false
              }
            ],
            "tags": null,
            "timeouts": null,
            "vm_size": "Standard_B1s",
            "zones": null
          },
          "sensitive_attributes": [],
          "private": "eyJlMmJmYjczMC1lY2FhLTExZTYtOGY4OC0zNDM2M2JjN2M0YzAiOnsiY3JlYXRlIjozNjAwMDAwMDAwMDAwLCJkZWxldGUiOjM2MDAwMDAwMDAwMDAsInJlYWQiOjMwMDAwMDAwMDAwMCwidXBkYXRlIjozNjAwMDAwMDAwMDAwfX0=",
          "dependencies": [
            "azurerm_availability_set.backend_avset",
            "azurerm_network_interface.backend02-nic",
            "azurerm_resource_group.myrg",
            "azurerm_subnet.subnet2",
            "azurerm_virtual_network.tfvnet"
          ]
        }
      ]
    },
    {
      "mode": "managed",
      "type": "azurerm_virtual_machine_extension",
      "name": "web02_install_iis",
      "provider": "provider[\"registry.terraform.io/hashicorp/azurerm\"]",
      "instances": [
        {
          "schema_version": 0,
          "attributes": {
            "auto_upgrade_minor_version": true,
            "id": "/subscriptions/f05aae4e-8de4-43dd-b9f6-04a589d7e5ec/resourceGroups/terraform-challenge/providers/Microsoft.Compute/virtualMachines/web02/extensions/web02_install_iis",
            "name": "web02_install_iis",
            "protected_settings": null,
            "publisher": "Microsoft.Compute",
            "settings": "{\"commandToExecute\":\"powershell Add-WindowsFeature Web-Asp-Net45;Add-WindowsFeature NET-Framework-45-Core;Add-WindowsFeature Web-Net-Ext45;Add-WindowsFeature Web-ISAPI-Ext;Add-WindowsFeature Web-ISAPI-Filter;Add-WindowsFeature Web-Mgmt-Console;Add-WindowsFeature Web-Scripting-Tools;Add-WindowsFeature Search-Service;Add-WindowsFeature Web-Filtering;Add-WindowsFeature Web-Basic-Auth;Add-WindowsFeature Web-Windows-Auth;Add-WindowsFeature Web-Default-Doc;Add-WindowsFeature Web-Http-Errors;Add-WindowsFeature Web-Static-Content;\"}",
            "tags": null,
            "timeouts": null,
            "type": "CustomScriptExtension",
            "type_handler_version": "1.8",
            "virtual_machine_id": "/subscriptions/f05aae4e-8de4-43dd-b9f6-04a589d7e5ec/resourceGroups/terraform-challenge/providers/Microsoft.Compute/virtualMachines/web02"
          },
          "sensitive_attributes": [],
          "private": "eyJlMmJmYjczMC1lY2FhLTExZTYtOGY4OC0zNDM2M2JjN2M0YzAiOnsiY3JlYXRlIjoxODAwMDAwMDAwMDAwLCJkZWxldGUiOjE4MDAwMDAwMDAwMDAsInJlYWQiOjMwMDAwMDAwMDAwMCwidXBkYXRlIjoxODAwMDAwMDAwMDAwfX0=",
          "dependencies": [
            "azurerm_availability_set.web_avset",
            "azurerm_network_interface.web02-nic",
            "azurerm_resource_group.myrg",
            "azurerm_subnet.subnet1",
            "azurerm_virtual_network.tfvnet",
            "azurerm_windows_virtual_machine.web02"
          ]
        }
      ]
    },
    {
      "mode": "managed",
      "type": "azurerm_virtual_network",
      "name": "tfvnet",
      "provider": "provider[\"registry.terraform.io/hashicorp/azurerm\"]",
      "instances": [
        {
          "schema_version": 0,
          "attributes": {
            "address_space": [
              "10.8.0.0/16"
            ],
            "ddos_protection_plan": [],
            "dns_servers": null,
            "guid": "a227dcff-e235-4a91-a07a-1608d6c7b218",
            "id": "/subscriptions/f05aae4e-8de4-43dd-b9f6-04a589d7e5ec/resourceGroups/terraform-challenge/providers/Microsoft.Network/virtualNetworks/terraform-vnet",
            "location": "eastus",
            "name": "terraform-vnet",
            "resource_group_name": "terraform-challenge",
            "subnet": [],
            "tags": null,
            "timeouts": null
          },
          "sensitive_attributes": [],
          "private": "eyJlMmJmYjczMC1lY2FhLTExZTYtOGY4OC0zNDM2M2JjN2M0YzAiOnsiY3JlYXRlIjoxODAwMDAwMDAwMDAwLCJkZWxldGUiOjE4MDAwMDAwMDAwMDAsInJlYWQiOjMwMDAwMDAwMDAwMCwidXBkYXRlIjoxODAwMDAwMDAwMDAwfX0=",
          "dependencies": [
            "azurerm_resource_group.myrg"
          ]
        }
      ]
    },
    {
      "mode": "managed",
      "type": "azurerm_windows_virtual_machine",
      "name": "web01",
      "provider": "provider[\"registry.terraform.io/hashicorp/azurerm\"]",
      "instances": [
        {
          "schema_version": 0,
          "attributes": {
            "additional_capabilities": [],
            "additional_unattend_content": [],
            "admin_password": "P@$$w0rd1234!",
            "admin_username": "adminuser",
            "allow_extension_operations": true,
            "availability_set_id": "/subscriptions/f05aae4e-8de4-43dd-b9f6-04a589d7e5ec/resourceGroups/terraform-challenge/providers/Microsoft.Compute/availabilitySets/WEB-AVSET",
            "boot_diagnostics": [],
            "computer_name": "web01",
            "custom_data": null,
            "dedicated_host_id": "",
            "enable_automatic_updates": true,
            "eviction_policy": "",
            "id": "/subscriptions/f05aae4e-8de4-43dd-b9f6-04a589d7e5ec/resourceGroups/terraform-challenge/providers/Microsoft.Compute/virtualMachines/web01",
            "identity": [],
            "license_type": "",
            "location": "eastus",
            "max_bid_price": -1,
            "name": "web01",
            "network_interface_ids": [
              "/subscriptions/f05aae4e-8de4-43dd-b9f6-04a589d7e5ec/resourceGroups/terraform-challenge/providers/Microsoft.Network/networkInterfaces/web01-nic"
            ],
            "os_disk": [
              {
                "caching": "ReadWrite",
                "diff_disk_settings": [],
                "disk_encryption_set_id": "",
                "disk_size_gb": 127,
                "name": "web01_OsDisk_1_48a2b2172b6f420383b65e81a7695be8",
                "storage_account_type": "Standard_LRS",
                "write_accelerator_enabled": false
              }
            ],
            "plan": [],
            "priority": "Regular",
            "private_ip_address": "10.8.1.5",
            "private_ip_addresses": [
              "10.8.1.5"
            ],
            "provision_vm_agent": true,
            "proximity_placement_group_id": "",
            "public_ip_address": "",
            "public_ip_addresses": [],
            "resource_group_name": "terraform-challenge",
            "secret": [],
            "size": "Standard_B1s",
            "source_image_id": "",
            "source_image_reference": [
              {
                "offer": "WindowsServer",
                "publisher": "MicrosoftWindowsServer",
                "sku": "2016-Datacenter",
                "version": "latest"
              }
            ],
            "tags": null,
            "timeouts": null,
            "timezone": "",
            "virtual_machine_id": "206f7b3b-aec4-4645-b7eb-fb3328fb3814",
            "virtual_machine_scale_set_id": "",
            "winrm_listener": [],
            "zone": ""
          },
          "sensitive_attributes": [],
          "private": "eyJlMmJmYjczMC1lY2FhLTExZTYtOGY4OC0zNDM2M2JjN2M0YzAiOnsiY3JlYXRlIjoyNzAwMDAwMDAwMDAwLCJkZWxldGUiOjI3MDAwMDAwMDAwMDAsInJlYWQiOjMwMDAwMDAwMDAwMCwidXBkYXRlIjoyNzAwMDAwMDAwMDAwfX0=",
          "dependencies": [
            "azurerm_availability_set.web_avset",
            "azurerm_network_interface.web01-nic",
            "azurerm_resource_group.myrg",
            "azurerm_subnet.subnet1",
            "azurerm_virtual_network.tfvnet"
          ]
        }
      ]
    },
    {
      "mode": "managed",
      "type": "azurerm_windows_virtual_machine",
      "name": "web02",
      "provider": "provider[\"registry.terraform.io/hashicorp/azurerm\"]",
      "instances": [
        {
          "schema_version": 0,
          "attributes": {
            "additional_capabilities": [],
            "additional_unattend_content": [],
            "admin_password": "P@$$w0rd1234!",
            "admin_username": "adminuser",
            "allow_extension_operations": true,
            "availability_set_id": "/subscriptions/f05aae4e-8de4-43dd-b9f6-04a589d7e5ec/resourceGroups/terraform-challenge/providers/Microsoft.Compute/availabilitySets/WEB-AVSET",
            "boot_diagnostics": [],
            "computer_name": "web02",
            "custom_data": null,
            "dedicated_host_id": "",
            "enable_automatic_updates": true,
            "eviction_policy": "",
            "id": "/subscriptions/f05aae4e-8de4-43dd-b9f6-04a589d7e5ec/resourceGroups/terraform-challenge/providers/Microsoft.Compute/virtualMachines/web02",
            "identity": [],
            "license_type": "",
            "location": "eastus",
            "max_bid_price": -1,
            "name": "web02",
            "network_interface_ids": [
              "/subscriptions/f05aae4e-8de4-43dd-b9f6-04a589d7e5ec/resourceGroups/terraform-challenge/providers/Microsoft.Network/networkInterfaces/web02-nic"
            ],
            "os_disk": [
              {
                "caching": "ReadWrite",
                "diff_disk_settings": [],
                "disk_encryption_set_id": "",
                "disk_size_gb": 127,
                "name": "web02_OsDisk_1_71f37521006c474ebfdd1f4cdaacaf49",
                "storage_account_type": "Standard_LRS",
                "write_accelerator_enabled": false
              }
            ],
            "plan": [],
            "priority": "Regular",
            "private_ip_address": "10.8.1.4",
            "private_ip_addresses": [
              "10.8.1.4"
            ],
            "provision_vm_agent": true,
            "proximity_placement_group_id": "",
            "public_ip_address": "",
            "public_ip_addresses": [],
            "resource_group_name": "terraform-challenge",
            "secret": [],
            "size": "Standard_B1s",
            "source_image_id": "",
            "source_image_reference": [
              {
                "offer": "WindowsServer",
                "publisher": "MicrosoftWindowsServer",
                "sku": "2016-Datacenter",
                "version": "latest"
              }
            ],
            "tags": null,
            "timeouts": null,
            "timezone": "",
            "virtual_machine_id": "53f39074-d60d-461a-abae-78e1fbc44681",
            "virtual_machine_scale_set_id": "",
            "winrm_listener": [],
            "zone": ""
          },
          "sensitive_attributes": [],
          "private": "eyJlMmJmYjczMC1lY2FhLTExZTYtOGY4OC0zNDM2M2JjN2M0YzAiOnsiY3JlYXRlIjoyNzAwMDAwMDAwMDAwLCJkZWxldGUiOjI3MDAwMDAwMDAwMDAsInJlYWQiOjMwMDAwMDAwMDAwMCwidXBkYXRlIjoyNzAwMDAwMDAwMDAwfX0=",
          "dependencies": [
            "azurerm_availability_set.web_avset",
            "azurerm_network_interface.web02-nic",
            "azurerm_resource_group.myrg",
            "azurerm_subnet.subnet1",
            "azurerm_virtual_network.tfvnet"
          ]
        }
      ]
    }
  ]
}
